// !$*UTF8*$!
{
	archiveVersion = 1;
	classes = {
	};
	objectVersion = 50;
	objects = {

/* Begin PBXBuildFile section */
		5E1066662354A95C00869739 /* main.c in Sources */ = {isa = PBXBuildFile; fileRef = 5E1066652354A95C00869739 /* main.c */; };
/* End PBXBuildFile section */

/* Begin PBXCopyFilesBuildPhase section */
		5E1066602354A95C00869739 /* CopyFiles */ = {
			isa = PBXCopyFilesBuildPhase;
			buildActionMask = 2147483647;
			dstPath = /usr/share/man/man1/;
			dstSubfolderSpec = 0;
			files = (
			);
			runOnlyForDeploymentPostprocessing = 1;
		};
/* End PBXCopyFilesBuildPhase section */

/* Begin PBXFileReference section */
		5E07356E235EE9DE0082EB5E /* mat1big.txt */ = {isa = PBXFileReference; fileEncoding = 4; lastKnownFileType = text; path = mat1big.txt; sourceTree = "<group>"; };
		5E07356F235EE9DE0082EB5E /* mat2big.txt */ = {isa = PBXFileReference; fileEncoding = 4; lastKnownFileType = text; path = mat2big.txt; sourceTree = "<group>"; };
		5E073570235EF4770082EB5E /* mat2_3_4.txt */ = {isa = PBXFileReference; fileEncoding = 4; lastKnownFileType = text; name = mat2_3_4.txt; path = Resources/mat2_3_4.txt; sourceTree = SOURCE_ROOT; };
		5E073571235EF4770082EB5E /* mat2_300_400.txt */ = {isa = PBXFileReference; fileEncoding = 4; lastKnownFileType = text; name = mat2_300_400.txt; path = Resources/mat2_300_400.txt; sourceTree = SOURCE_ROOT; };
		5E073572235EF4770082EB5E /* mat1big.txt */ = {isa = PBXFileReference; fileEncoding = 4; lastKnownFileType = text; name = mat1big.txt; path = Resources/mat1big.txt; sourceTree = SOURCE_ROOT; };
		5E073573235EF4770082EB5E /* mat2_3000_4000.txt */ = {isa = PBXFileReference; fileEncoding = 4; lastKnownFileType = text; name = mat2_3000_4000.txt; path = Resources/mat2_3000_4000.txt; sourceTree = SOURCE_ROOT; };
		5E073574235EF4770082EB5E /* mat1.txt */ = {isa = PBXFileReference; fileEncoding = 4; lastKnownFileType = text; name = mat1.txt; path = Resources/mat1.txt; sourceTree = SOURCE_ROOT; };
		5E073575235EF4770082EB5E /* mat1_400_300.txt */ = {isa = PBXFileReference; fileEncoding = 4; lastKnownFileType = text; name = mat1_400_300.txt; path = Resources/mat1_400_300.txt; sourceTree = SOURCE_ROOT; };
		5E073576235EF4770082EB5E /* mat1bigfn.txt */ = {isa = PBXFileReference; fileEncoding = 4; lastKnownFileType = text; name = mat1bigfn.txt; path = Resources/mat1bigfn.txt; sourceTree = SOURCE_ROOT; };
		5E073578235EF4770082EB5E /* mat1_4000_3000.txt */ = {isa = PBXFileReference; fileEncoding = 4; lastKnownFileType = text; name = mat1_4000_3000.txt; path = Resources/mat1_4000_3000.txt; sourceTree = SOURCE_ROOT; };
		5E073579235EF4770082EB5E /* mat1_4_3.txt */ = {isa = PBXFileReference; fileEncoding = 4; lastKnownFileType = text; name = mat1_4_3.txt; path = Resources/mat1_4_3.txt; sourceTree = SOURCE_ROOT; };
		5E07357A235EF4770082EB5E /* mat1bigf.txt */ = {isa = PBXFileReference; fileEncoding = 4; lastKnownFileType = text; name = mat1bigf.txt; path = Resources/mat1bigf.txt; sourceTree = SOURCE_ROOT; };
		5E1066622354A95C00869739 /* Assignment_1 */ = {isa = PBXFileReference; explicitFileType = "compiled.mach-o.executable"; includeInIndex = 0; path = Assignment_1; sourceTree = BUILT_PRODUCTS_DIR; };
		5E1066652354A95C00869739 /* main.c */ = {isa = PBXFileReference; lastKnownFileType = sourcecode.c.c; path = main.c; sourceTree = "<group>"; tabWidth = 4; usesTabs = 0; };
		5E1352D92357AC4700B5018A /* input.txt */ = {isa = PBXFileReference; fileEncoding = 4; lastKnownFileType = text; path = input.txt; sourceTree = "<group>"; };
		5E1352DA2357AC4700B5018A /* input1.txt */ = {isa = PBXFileReference; fileEncoding = 4; lastKnownFileType = text; path = input1.txt; sourceTree = "<group>"; };
		5E22512823671F7A009E6078 /* adjtest */ = {isa = PBXFileReference; fileEncoding = 4; lastKnownFileType = text; name = adjtest; path = Resources/adjtest; sourceTree = "<group>"; };
		5E33810E2361D5B000CD8CC8 /* mat1_4_4.txt */ = {isa = PBXFileReference; fileEncoding = 4; lastKnownFileType = text; path = mat1_4_4.txt; sourceTree = "<group>"; };
		5E807E5E235F9DAE0066FCE2 /* mat1_3_3.txt */ = {isa = PBXFileReference; fileEncoding = 4; lastKnownFileType = text; name = mat1_3_3.txt; path = Resources/mat1_3_3.txt; sourceTree = SOURCE_ROOT; };
		5E807E5F236094760066FCE2 /* mat1_10_10.txt */ = {isa = PBXFileReference; fileEncoding = 4; lastKnownFileType = text; path = mat1_10_10.txt; sourceTree = "<group>"; };
/* End PBXFileReference section */

/* Begin PBXFrameworksBuildPhase section */
		5E10665F2354A95C00869739 /* Frameworks */ = {
			isa = PBXFrameworksBuildPhase;
			buildActionMask = 2147483647;
			files = (
			);
			runOnlyForDeploymentPostprocessing = 0;
		};
/* End PBXFrameworksBuildPhase section */

/* Begin PBXGroup section */
		5E1066592354A95C00869739 = {
			isa = PBXGroup;
			children = (
				5E22512823671F7A009E6078 /* adjtest */,
				5E1066642354A95C00869739 /* Assignment_1 */,
				5E1066632354A95C00869739 /* Products */,
			);
			sourceTree = "<group>";
		};
		5E1066632354A95C00869739 /* Products */ = {
			isa = PBXGroup;
			children = (
				5E1066622354A95C00869739 /* Assignment_1 */,
			);
			name = Products;
			sourceTree = "<group>";
		};
		5E1066642354A95C00869739 /* Assignment_1 */ = {
			isa = PBXGroup;
			children = (
				5E33810E2361D5B000CD8CC8 /* mat1_4_4.txt */,
				5E807E5F236094760066FCE2 /* mat1_10_10.txt */,
				5E807E5E235F9DAE0066FCE2 /* mat1_3_3.txt */,
				5E073579235EF4770082EB5E /* mat1_4_3.txt */,
				5E073575235EF4770082EB5E /* mat1_400_300.txt */,
				5E073578235EF4770082EB5E /* mat1_4000_3000.txt */,
				5E073574235EF4770082EB5E /* mat1.txt */,
				5E07356E235EE9DE0082EB5E /* mat1big.txt */,
				5E07356F235EE9DE0082EB5E /* mat2big.txt */,
				5E1352D92357AC4700B5018A /* input.txt */,
				5E1352DA2357AC4700B5018A /* input1.txt */,
				5E1066652354A95C00869739 /* main.c */,
				5E073572235EF4770082EB5E /* mat1big.txt */,
				5E07357A235EF4770082EB5E /* mat1bigf.txt */,
				5E073576235EF4770082EB5E /* mat1bigfn.txt */,
				5E073570235EF4770082EB5E /* mat2_3_4.txt */,
				5E073571235EF4770082EB5E /* mat2_300_400.txt */,
				5E073573235EF4770082EB5E /* mat2_3000_4000.txt */,
			);
			path = Assignment_1;
			sourceTree = "<group>";
		};
/* End PBXGroup section */

/* Begin PBXNativeTarget section */
		5E1066612354A95C00869739 /* Assignment_1 */ = {
			isa = PBXNativeTarget;
			buildConfigurationList = 5E1066692354A95C00869739 /* Build configuration list for PBXNativeTarget "Assignment_1" */;
			buildPhases = (
				5E10665E2354A95C00869739 /* Sources */,
				5E10665F2354A95C00869739 /* Frameworks */,
				5E1066602354A95C00869739 /* CopyFiles */,
			);
			buildRules = (
			);
			dependencies = (
			);
			name = Assignment_1;
			productName = Assignment_1;
			productReference = 5E1066622354A95C00869739 /* Assignment_1 */;
			productType = "com.apple.product-type.tool";
		};
/* End PBXNativeTarget section */

/* Begin PBXProject section */
		5E10665A2354A95C00869739 /* Project object */ = {
			isa = PBXProject;
			attributes = {
				LastUpgradeCheck = 1110;
				ORGANIZATIONNAME = "George Jerman";
				TargetAttributes = {
					5E1066612354A95C00869739 = {
						CreatedOnToolsVersion = 11.1;
					};
				};
			};
			buildConfigurationList = 5E10665D2354A95C00869739 /* Build configuration list for PBXProject "Assignment_1" */;
			compatibilityVersion = "Xcode 9.3";
			developmentRegion = en;
			hasScannedForEncodings = 0;
			knownRegions = (
				en,
				Base,
			);
			mainGroup = 5E1066592354A95C00869739;
			productRefGroup = 5E1066632354A95C00869739 /* Products */;
			projectDirPath = "";
			projectRoot = "";
			targets = (
				5E1066612354A95C00869739 /* Assignment_1 */,
			);
		};
/* End PBXProject section */

/* Begin PBXSourcesBuildPhase section */
		5E10665E2354A95C00869739 /* Sources */ = {
			isa = PBXSourcesBuildPhase;
			buildActionMask = 2147483647;
			files = (
				5E1066662354A95C00869739 /* main.c in Sources */,
			);
			runOnlyForDeploymentPostprocessing = 0;
		};
/* End PBXSourcesBuildPhase section */

/* Begin XCBuildConfiguration section */
		5E1066672354A95C00869739 /* Debug */ = {
			isa = XCBuildConfiguration;
			buildSettings = {
				ALWAYS_SEARCH_USER_PATHS = NO;
				CLANG_ANALYZER_NONNULL = YES;
				CLANG_ANALYZER_NUMBER_OBJECT_CONVERSION = YES_AGGRESSIVE;
				CLANG_CXX_LANGUAGE_STANDARD = "gnu++14";
				CLANG_CXX_LIBRARY = "libc++";
				CLANG_ENABLE_MODULES = YES;
				CLANG_ENABLE_OBJC_ARC = YES;
				CLANG_ENABLE_OBJC_WEAK = YES;
				CLANG_WARN_BLOCK_CAPTURE_AUTORELEASING = YES;
				CLANG_WARN_BOOL_CONVERSION = YES;
				CLANG_WARN_COMMA = YES;
				CLANG_WARN_CONSTANT_CONVERSION = YES;
				CLANG_WARN_DEPRECATED_OBJC_IMPLEMENTATIONS = YES;
				CLANG_WARN_DIRECT_OBJC_ISA_USAGE = YES_ERROR;
				CLANG_WARN_DOCUMENTATION_COMMENTS = YES;
				CLANG_WARN_EMPTY_BODY = YES;
				CLANG_WARN_ENUM_CONVERSION = YES;
				CLANG_WARN_INFINITE_RECURSION = YES;
				CLANG_WARN_INT_CONVERSION = YES;
				CLANG_WARN_NON_LITERAL_NULL_CONVERSION = YES;
				CLANG_WARN_OBJC_IMPLICIT_RETAIN_SELF = YES;
				CLANG_WARN_OBJC_LITERAL_CONVERSION = YES;
				CLANG_WARN_OBJC_ROOT_CLASS = YES_ERROR;
				CLANG_WARN_RANGE_LOOP_ANALYSIS = YES;
				CLANG_WARN_STRICT_PROTOTYPES = YES;
				CLANG_WARN_SUSPICIOUS_MOVE = YES;
				CLANG_WARN_UNGUARDED_AVAILABILITY = YES_AGGRESSIVE;
				CLANG_WARN_UNREACHABLE_CODE = YES;
				CLANG_WARN__DUPLICATE_METHOD_MATCH = YES;
				COPY_PHASE_STRIP = NO;
				DEBUG_INFORMATION_FORMAT = dwarf;
				ENABLE_STRICT_OBJC_MSGSEND = YES;
				ENABLE_TESTABILITY = YES;
				GCC_C_LANGUAGE_STANDARD = gnu11;
				GCC_DYNAMIC_NO_PIC = NO;
				GCC_NO_COMMON_BLOCKS = YES;
				GCC_OPTIMIZATION_LEVEL = 0;
				GCC_PREPROCESSOR_DEFINITIONS = (
					"DEBUG=1",
					"$(inherited)",
				);
				GCC_WARN_64_TO_32_BIT_CONVERSION = YES;
				GCC_WARN_ABOUT_RETURN_TYPE = YES_ERROR;
				GCC_WARN_UNDECLARED_SELECTOR = YES;
				GCC_WARN_UNINITIALIZED_AUTOS = YES_AGGRESSIVE;
				GCC_WARN_UNUSED_FUNCTION = YES;
				GCC_WARN_UNUSED_VARIABLE = YES;
				MACOSX_DEPLOYMENT_TARGET = 10.14;
				MTL_ENABLE_DEBUG_INFO = INCLUDE_SOURCE;
				MTL_FAST_MATH = YES;
				ONLY_ACTIVE_ARCH = YES;
				SDKROOT = macosx;
			};
			name = Debug;
		};
		5E1066682354A95C00869739 /* Release */ = {
			isa = XCBuildConfiguration;
			buildSettings = {
				ALWAYS_SEARCH_USER_PATHS = NO;
				CLANG_ANALYZER_NONNULL = YES;
				CLANG_ANALYZER_NUMBER_OBJECT_CONVERSION = YES_AGGRESSIVE;
				CLANG_CXX_LANGUAGE_STANDARD = "gnu++14";
				CLANG_CXX_LIBRARY = "libc++";
				CLANG_ENABLE_MODULES = YES;
				CLANG_ENABLE_OBJC_ARC = YES;
				CLANG_ENABLE_OBJC_WEAK = YES;
				CLANG_WARN_BLOCK_CAPTURE_AUTORELEASING = YES;
				CLANG_WARN_BOOL_CONVERSION = YES;
				CLANG_WARN_COMMA = YES;
				CLANG_WARN_CONSTANT_CONVERSION = YES;
				CLANG_WARN_DEPRECATED_OBJC_IMPLEMENTATIONS = YES;
				CLANG_WARN_DIRECT_OBJC_ISA_USAGE = YES_ERROR;
				CLANG_WARN_DOCUMENTATION_COMMENTS = YES;
				CLANG_WARN_EMPTY_BODY = YES;
				CLANG_WARN_ENUM_CONVERSION = YES;
				CLANG_WARN_INFINITE_RECURSION = YES;
				CLANG_WARN_INT_CONVERSION = YES;
				CLANG_WARN_NON_LITERAL_NULL_CONVERSION = YES;
				CLANG_WARN_OBJC_IMPLICIT_RETAIN_SELF = YES;
				CLANG_WARN_OBJC_LITERAL_CONVERSION = YES;
				CLANG_WARN_OBJC_ROOT_CLASS = YES_ERROR;
				CLANG_WARN_RANGE_LOOP_ANALYSIS = YES;
				CLANG_WARN_STRICT_PROTOTYPES = YES;
				CLANG_WARN_SUSPICIOUS_MOVE = YES;
				CLANG_WARN_UNGUARDED_AVAILABILITY = YES_AGGRESSIVE;
				CLANG_WARN_UNREACHABLE_CODE = YES;
				CLANG_WARN__DUPLICATE_METHOD_MATCH = YES;
				COPY_PHASE_STRIP = NO;
				DEBUG_INFORMATION_FORMAT = "dwarf-with-dsym";
				ENABLE_NS_ASSERTIONS = NO;
				ENABLE_STRICT_OBJC_MSGSEND = YES;
				GCC_C_LANGUAGE_STANDARD = gnu11;
				GCC_NO_COMMON_BLOCKS = YES;
				GCC_WARN_64_TO_32_BIT_CONVERSION = YES;
				GCC_WARN_ABOUT_RETURN_TYPE = YES_ERROR;
				GCC_WARN_UNDECLARED_SELECTOR = YES;
				GCC_WARN_UNINITIALIZED_AUTOS = YES_AGGRESSIVE;
				GCC_WARN_UNUSED_FUNCTION = YES;
				GCC_WARN_UNUSED_VARIABLE = YES;
				MACOSX_DEPLOYMENT_TARGET = 10.14;
				MTL_ENABLE_DEBUG_INFO = NO;
				MTL_FAST_MATH = YES;
				SDKROOT = macosx;
			};
			name = Release;
		};
		5E10666A2354A95C00869739 /* Debug */ = {
			isa = XCBuildConfiguration;
			buildSettings = {
				CODE_SIGN_STYLE = Automatic;
				"OTHER_CFLAGS[arch=*]" = "";
				PRODUCT_NAME = "$(TARGET_NAME)";
			};
			name = Debug;
		};
		5E10666B2354A95C00869739 /* Release */ = {
			isa = XCBuildConfiguration;
			buildSettings = {
				CODE_SIGN_STYLE = Automatic;
				PRODUCT_NAME = "$(TARGET_NAME)";
			};
			name = Release;
		};
/* End XCBuildConfiguration section */

/* Begin XCConfigurationList section */
		5E10665D2354A95C00869739 /* Build configuration list for PBXProject "Assignment_1" */ = {
			isa = XCConfigurationList;
			buildConfigurations = (
				5E1066672354A95C00869739 /* Debug */,
				5E1066682354A95C00869739 /* Release */,
			);
			defaultConfigurationIsVisible = 0;
			defaultConfigurationName = Release;
		};
		5E1066692354A95C00869739 /* Build configuration list for PBXNativeTarget "Assignment_1" */ = {
			isa = XCConfigurationList;
			buildConfigurations = (
				5E10666A2354A95C00869739 /* Debug */,
				5E10666B2354A95C00869739 /* Release */,
			);
			defaultConfigurationIsVisible = 0;
			defaultConfigurationName = Release;
		};
/* End XCConfigurationList section */
	};
	rootObject = 5E10665A2354A95C00869739 /* Project object */;
}
